// !$*UTF8*$!
{
	archiveVersion = 1;
	classes = {
	};
	objectVersion = 52;
	objects = {

/* Begin PBXBuildFile section */
		08B8596D25FEF7B7008BC8F0 /* AppDelegate.swift in Sources */ = {isa = PBXBuildFile; fileRef = 08B8596C25FEF7B7008BC8F0 /* AppDelegate.swift */; };
		08B8596F25FEF7B7008BC8F0 /* SceneDelegate.swift in Sources */ = {isa = PBXBuildFile; fileRef = 08B8596E25FEF7B7008BC8F0 /* SceneDelegate.swift */; };
		08B8597125FEF7B7008BC8F0 /* WeatherViewController.swift in Sources */ = {isa = PBXBuildFile; fileRef = 08B8597025FEF7B7008BC8F0 /* WeatherViewController.swift */; };
		08B8597625FEF7B8008BC8F0 /* Assets.xcassets in Resources */ = {isa = PBXBuildFile; fileRef = 08B8597525FEF7B8008BC8F0 /* Assets.xcassets */; };
		08B8597925FEF7B8008BC8F0 /* LaunchScreen.storyboard in Resources */ = {isa = PBXBuildFile; fileRef = 08B8597725FEF7B8008BC8F0 /* LaunchScreen.storyboard */; };
		08B8598425FEF7B9008BC8F0 /* yumemi_ios_trainingTests.swift in Sources */ = {isa = PBXBuildFile; fileRef = 08B8598325FEF7B9008BC8F0 /* yumemi_ios_trainingTests.swift */; };
		08B8598F25FEF7B9008BC8F0 /* yumemi_ios_trainingUITests.swift in Sources */ = {isa = PBXBuildFile; fileRef = 08B8598E25FEF7B9008BC8F0 /* yumemi_ios_trainingUITests.swift */; };
		08B859A125FEFEA6008BC8F0 /* YumemiWeather in Frameworks */ = {isa = PBXBuildFile; productRef = 08B859A025FEFEA6008BC8F0 /* YumemiWeather */; };
		08B859AF25FF08A5008BC8F0 /* WeatherViewController.storyboard in Resources */ = {isa = PBXBuildFile; fileRef = 08B859AE25FF08A5008BC8F0 /* WeatherViewController.storyboard */; };
		08B859B525FF090A008BC8F0 /* Instantiatable.swift in Sources */ = {isa = PBXBuildFile; fileRef = 08B859B425FF090A008BC8F0 /* Instantiatable.swift */; };
		08B859BD25FF0947008BC8F0 /* ClassName.swift in Sources */ = {isa = PBXBuildFile; fileRef = 08B859BC25FF0947008BC8F0 /* ClassName.swift */; };
		08B859DD25FF2CB2008BC8F0 /* Weather.swift in Sources */ = {isa = PBXBuildFile; fileRef = 08B859DC25FF2CB2008BC8F0 /* Weather.swift */; };
/* End PBXBuildFile section */

/* Begin PBXContainerItemProxy section */
		08B8598025FEF7B9008BC8F0 /* PBXContainerItemProxy */ = {
			isa = PBXContainerItemProxy;
			containerPortal = 08B8596125FEF7B7008BC8F0 /* Project object */;
			proxyType = 1;
			remoteGlobalIDString = 08B8596825FEF7B7008BC8F0;
			remoteInfo = "yumemi-ios-training";
		};
		08B8598B25FEF7B9008BC8F0 /* PBXContainerItemProxy */ = {
			isa = PBXContainerItemProxy;
			containerPortal = 08B8596125FEF7B7008BC8F0 /* Project object */;
			proxyType = 1;
			remoteGlobalIDString = 08B8596825FEF7B7008BC8F0;
			remoteInfo = "yumemi-ios-training";
		};
/* End PBXContainerItemProxy section */

/* Begin PBXFileReference section */
		08B8596925FEF7B7008BC8F0 /* yumemi-ios-training.app */ = {isa = PBXFileReference; explicitFileType = wrapper.application; includeInIndex = 0; path = "yumemi-ios-training.app"; sourceTree = BUILT_PRODUCTS_DIR; };
		08B8596C25FEF7B7008BC8F0 /* AppDelegate.swift */ = {isa = PBXFileReference; lastKnownFileType = sourcecode.swift; path = AppDelegate.swift; sourceTree = "<group>"; };
		08B8596E25FEF7B7008BC8F0 /* SceneDelegate.swift */ = {isa = PBXFileReference; lastKnownFileType = sourcecode.swift; path = SceneDelegate.swift; sourceTree = "<group>"; };
		08B8597025FEF7B7008BC8F0 /* WeatherViewController.swift */ = {isa = PBXFileReference; lastKnownFileType = sourcecode.swift; path = WeatherViewController.swift; sourceTree = "<group>"; };
		08B8597525FEF7B8008BC8F0 /* Assets.xcassets */ = {isa = PBXFileReference; lastKnownFileType = folder.assetcatalog; path = Assets.xcassets; sourceTree = "<group>"; };
		08B8597825FEF7B8008BC8F0 /* Base */ = {isa = PBXFileReference; lastKnownFileType = file.storyboard; name = Base; path = Base.lproj/LaunchScreen.storyboard; sourceTree = "<group>"; };
		08B8597A25FEF7B8008BC8F0 /* Info.plist */ = {isa = PBXFileReference; lastKnownFileType = text.plist.xml; path = Info.plist; sourceTree = "<group>"; };
		08B8597F25FEF7B9008BC8F0 /* yumemi-ios-trainingTests.xctest */ = {isa = PBXFileReference; explicitFileType = wrapper.cfbundle; includeInIndex = 0; path = "yumemi-ios-trainingTests.xctest"; sourceTree = BUILT_PRODUCTS_DIR; };
		08B8598325FEF7B9008BC8F0 /* yumemi_ios_trainingTests.swift */ = {isa = PBXFileReference; lastKnownFileType = sourcecode.swift; path = yumemi_ios_trainingTests.swift; sourceTree = "<group>"; };
		08B8598525FEF7B9008BC8F0 /* Info.plist */ = {isa = PBXFileReference; lastKnownFileType = text.plist.xml; path = Info.plist; sourceTree = "<group>"; };
		08B8598A25FEF7B9008BC8F0 /* yumemi-ios-trainingUITests.xctest */ = {isa = PBXFileReference; explicitFileType = wrapper.cfbundle; includeInIndex = 0; path = "yumemi-ios-trainingUITests.xctest"; sourceTree = BUILT_PRODUCTS_DIR; };
		08B8598E25FEF7B9008BC8F0 /* yumemi_ios_trainingUITests.swift */ = {isa = PBXFileReference; lastKnownFileType = sourcecode.swift; path = yumemi_ios_trainingUITests.swift; sourceTree = "<group>"; };
		08B8599025FEF7B9008BC8F0 /* Info.plist */ = {isa = PBXFileReference; lastKnownFileType = text.plist.xml; path = Info.plist; sourceTree = "<group>"; };
		08B859AE25FF08A5008BC8F0 /* WeatherViewController.storyboard */ = {isa = PBXFileReference; lastKnownFileType = file.storyboard; path = WeatherViewController.storyboard; sourceTree = "<group>"; };
		08B859B425FF090A008BC8F0 /* Instantiatable.swift */ = {isa = PBXFileReference; lastKnownFileType = sourcecode.swift; path = Instantiatable.swift; sourceTree = "<group>"; };
		08B859BC25FF0947008BC8F0 /* ClassName.swift */ = {isa = PBXFileReference; lastKnownFileType = sourcecode.swift; path = ClassName.swift; sourceTree = "<group>"; };
		08B859DC25FF2CB2008BC8F0 /* Weather.swift */ = {isa = PBXFileReference; lastKnownFileType = sourcecode.swift; path = Weather.swift; sourceTree = "<group>"; };
/* End PBXFileReference section */

/* Begin PBXFrameworksBuildPhase section */
		08B8596625FEF7B7008BC8F0 /* Frameworks */ = {
			isa = PBXFrameworksBuildPhase;
			buildActionMask = 2147483647;
			files = (
				08B859A125FEFEA6008BC8F0 /* YumemiWeather in Frameworks */,
			);
			runOnlyForDeploymentPostprocessing = 0;
		};
		08B8597C25FEF7B9008BC8F0 /* Frameworks */ = {
			isa = PBXFrameworksBuildPhase;
			buildActionMask = 2147483647;
			files = (
			);
			runOnlyForDeploymentPostprocessing = 0;
		};
		08B8598725FEF7B9008BC8F0 /* Frameworks */ = {
			isa = PBXFrameworksBuildPhase;
			buildActionMask = 2147483647;
			files = (
			);
			runOnlyForDeploymentPostprocessing = 0;
		};
/* End PBXFrameworksBuildPhase section */

/* Begin PBXGroup section */
		08B8596025FEF7B7008BC8F0 = {
			isa = PBXGroup;
			children = (
				08B8596B25FEF7B7008BC8F0 /* yumemi-ios-training */,
				08B8598225FEF7B9008BC8F0 /* yumemi-ios-trainingTests */,
				08B8598D25FEF7B9008BC8F0 /* yumemi-ios-trainingUITests */,
				08B8596A25FEF7B7008BC8F0 /* Products */,
			);
			sourceTree = "<group>";
		};
		08B8596A25FEF7B7008BC8F0 /* Products */ = {
			isa = PBXGroup;
			children = (
				08B8596925FEF7B7008BC8F0 /* yumemi-ios-training.app */,
				08B8597F25FEF7B9008BC8F0 /* yumemi-ios-trainingTests.xctest */,
				08B8598A25FEF7B9008BC8F0 /* yumemi-ios-trainingUITests.xctest */,
			);
			name = Products;
			sourceTree = "<group>";
		};
		08B8596B25FEF7B7008BC8F0 /* yumemi-ios-training */ = {
			isa = PBXGroup;
			children = (
				08B85A262600812A008BC8F0 /* Model */,
				08B859C125FF0A0E008BC8F0 /* WeatherViewController */,
				08B859B325FF08F7008BC8F0 /* Extensions */,
				08B8596C25FEF7B7008BC8F0 /* AppDelegate.swift */,
				08B8596E25FEF7B7008BC8F0 /* SceneDelegate.swift */,
				08B8597525FEF7B8008BC8F0 /* Assets.xcassets */,
				08B8597725FEF7B8008BC8F0 /* LaunchScreen.storyboard */,
				08B8597A25FEF7B8008BC8F0 /* Info.plist */,
			);
			path = "yumemi-ios-training";
			sourceTree = "<group>";
		};
		08B8598225FEF7B9008BC8F0 /* yumemi-ios-trainingTests */ = {
			isa = PBXGroup;
			children = (
				08B8598325FEF7B9008BC8F0 /* yumemi_ios_trainingTests.swift */,
				08B8598525FEF7B9008BC8F0 /* Info.plist */,
			);
			path = "yumemi-ios-trainingTests";
			sourceTree = "<group>";
		};
		08B8598D25FEF7B9008BC8F0 /* yumemi-ios-trainingUITests */ = {
			isa = PBXGroup;
			children = (
				08B8598E25FEF7B9008BC8F0 /* yumemi_ios_trainingUITests.swift */,
				08B8599025FEF7B9008BC8F0 /* Info.plist */,
			);
			path = "yumemi-ios-trainingUITests";
			sourceTree = "<group>";
		};
		08B859B325FF08F7008BC8F0 /* Extensions */ = {
			isa = PBXGroup;
			children = (
				08B859B425FF090A008BC8F0 /* Instantiatable.swift */,
				08B859BC25FF0947008BC8F0 /* ClassName.swift */,
			);
			path = Extensions;
			sourceTree = "<group>";
		};
		08B859C125FF0A0E008BC8F0 /* WeatherViewController */ = {
			isa = PBXGroup;
			children = (
				08B8597025FEF7B7008BC8F0 /* WeatherViewController.swift */,
				08B859AE25FF08A5008BC8F0 /* WeatherViewController.storyboard */,
			);
			path = WeatherViewController;
			sourceTree = "<group>";
		};
		08B85A262600812A008BC8F0 /* Model */ = {
			isa = PBXGroup;
			children = (
				08B859DC25FF2CB2008BC8F0 /* Weather.swift */,
			);
			path = Model;
			sourceTree = "<group>";
		};
/* End PBXGroup section */

/* Begin PBXNativeTarget section */
		08B8596825FEF7B7008BC8F0 /* yumemi-ios-training */ = {
			isa = PBXNativeTarget;
			buildConfigurationList = 08B8599325FEF7B9008BC8F0 /* Build configuration list for PBXNativeTarget "yumemi-ios-training" */;
			buildPhases = (
				08B8596525FEF7B7008BC8F0 /* Sources */,
				08B8596625FEF7B7008BC8F0 /* Frameworks */,
				08B8596725FEF7B7008BC8F0 /* Resources */,
			);
			buildRules = (
			);
			dependencies = (
			);
			name = "yumemi-ios-training";
			packageProductDependencies = (
				08B859A025FEFEA6008BC8F0 /* YumemiWeather */,
			);
			productName = "yumemi-ios-training";
			productReference = 08B8596925FEF7B7008BC8F0 /* yumemi-ios-training.app */;
			productType = "com.apple.product-type.application";
		};
		08B8597E25FEF7B9008BC8F0 /* yumemi-ios-trainingTests */ = {
			isa = PBXNativeTarget;
			buildConfigurationList = 08B8599625FEF7B9008BC8F0 /* Build configuration list for PBXNativeTarget "yumemi-ios-trainingTests" */;
			buildPhases = (
				08B8597B25FEF7B9008BC8F0 /* Sources */,
				08B8597C25FEF7B9008BC8F0 /* Frameworks */,
				08B8597D25FEF7B9008BC8F0 /* Resources */,
			);
			buildRules = (
			);
			dependencies = (
				08B8598125FEF7B9008BC8F0 /* PBXTargetDependency */,
			);
			name = "yumemi-ios-trainingTests";
			productName = "yumemi-ios-trainingTests";
			productReference = 08B8597F25FEF7B9008BC8F0 /* yumemi-ios-trainingTests.xctest */;
			productType = "com.apple.product-type.bundle.unit-test";
		};
		08B8598925FEF7B9008BC8F0 /* yumemi-ios-trainingUITests */ = {
			isa = PBXNativeTarget;
			buildConfigurationList = 08B8599925FEF7B9008BC8F0 /* Build configuration list for PBXNativeTarget "yumemi-ios-trainingUITests" */;
			buildPhases = (
				08B8598625FEF7B9008BC8F0 /* Sources */,
				08B8598725FEF7B9008BC8F0 /* Frameworks */,
				08B8598825FEF7B9008BC8F0 /* Resources */,
			);
			buildRules = (
			);
			dependencies = (
				08B8598C25FEF7B9008BC8F0 /* PBXTargetDependency */,
			);
			name = "yumemi-ios-trainingUITests";
			productName = "yumemi-ios-trainingUITests";
			productReference = 08B8598A25FEF7B9008BC8F0 /* yumemi-ios-trainingUITests.xctest */;
			productType = "com.apple.product-type.bundle.ui-testing";
		};
/* End PBXNativeTarget section */

/* Begin PBXProject section */
		08B8596125FEF7B7008BC8F0 /* Project object */ = {
			isa = PBXProject;
			attributes = {
				LastSwiftUpdateCheck = 1240;
				LastUpgradeCheck = 1240;
				TargetAttributes = {
					08B8596825FEF7B7008BC8F0 = {
						CreatedOnToolsVersion = 12.4;
					};
					08B8597E25FEF7B9008BC8F0 = {
						CreatedOnToolsVersion = 12.4;
						TestTargetID = 08B8596825FEF7B7008BC8F0;
					};
					08B8598925FEF7B9008BC8F0 = {
						CreatedOnToolsVersion = 12.4;
						TestTargetID = 08B8596825FEF7B7008BC8F0;
					};
				};
			};
			buildConfigurationList = 08B8596425FEF7B7008BC8F0 /* Build configuration list for PBXProject "yumemi-ios-training" */;
			compatibilityVersion = "Xcode 9.3";
			developmentRegion = en;
			hasScannedForEncodings = 0;
			knownRegions = (
				en,
				Base,
			);
			mainGroup = 08B8596025FEF7B7008BC8F0;
			packageReferences = (
				08B8599F25FEFEA6008BC8F0 /* XCRemoteSwiftPackageReference "ios-training" */,
			);
			productRefGroup = 08B8596A25FEF7B7008BC8F0 /* Products */;
			projectDirPath = "";
			projectRoot = "";
			targets = (
				08B8596825FEF7B7008BC8F0 /* yumemi-ios-training */,
				08B8597E25FEF7B9008BC8F0 /* yumemi-ios-trainingTests */,
				08B8598925FEF7B9008BC8F0 /* yumemi-ios-trainingUITests */,
			);
		};
/* End PBXProject section */

/* Begin PBXResourcesBuildPhase section */
		08B8596725FEF7B7008BC8F0 /* Resources */ = {
			isa = PBXResourcesBuildPhase;
			buildActionMask = 2147483647;
			files = (
				08B8597925FEF7B8008BC8F0 /* LaunchScreen.storyboard in Resources */,
				08B859AF25FF08A5008BC8F0 /* WeatherViewController.storyboard in Resources */,
				08B8597625FEF7B8008BC8F0 /* Assets.xcassets in Resources */,
			);
			runOnlyForDeploymentPostprocessing = 0;
		};
		08B8597D25FEF7B9008BC8F0 /* Resources */ = {
			isa = PBXResourcesBuildPhase;
			buildActionMask = 2147483647;
			files = (
			);
			runOnlyForDeploymentPostprocessing = 0;
		};
		08B8598825FEF7B9008BC8F0 /* Resources */ = {
			isa = PBXResourcesBuildPhase;
			buildActionMask = 2147483647;
			files = (
			);
			runOnlyForDeploymentPostprocessing = 0;
		};
/* End PBXResourcesBuildPhase section */

/* Begin PBXSourcesBuildPhase section */
		08B8596525FEF7B7008BC8F0 /* Sources */ = {
			isa = PBXSourcesBuildPhase;
			buildActionMask = 2147483647;
			files = (
				08B8597125FEF7B7008BC8F0 /* WeatherViewController.swift in Sources */,
				08B8596D25FEF7B7008BC8F0 /* AppDelegate.swift in Sources */,
				08B859BD25FF0947008BC8F0 /* ClassName.swift in Sources */,
				08B859B525FF090A008BC8F0 /* Instantiatable.swift in Sources */,
				08B859DD25FF2CB2008BC8F0 /* Weather.swift in Sources */,
				08B8596F25FEF7B7008BC8F0 /* SceneDelegate.swift in Sources */,
			);
			runOnlyForDeploymentPostprocessing = 0;
		};
		08B8597B25FEF7B9008BC8F0 /* Sources */ = {
			isa = PBXSourcesBuildPhase;
			buildActionMask = 2147483647;
			files = (
				08B8598425FEF7B9008BC8F0 /* yumemi_ios_trainingTests.swift in Sources */,
			);
			runOnlyForDeploymentPostprocessing = 0;
		};
		08B8598625FEF7B9008BC8F0 /* Sources */ = {
			isa = PBXSourcesBuildPhase;
			buildActionMask = 2147483647;
			files = (
				08B8598F25FEF7B9008BC8F0 /* yumemi_ios_trainingUITests.swift in Sources */,
			);
			runOnlyForDeploymentPostprocessing = 0;
		};
/* End PBXSourcesBuildPhase section */

/* Begin PBXTargetDependency section */
		08B8598125FEF7B9008BC8F0 /* PBXTargetDependency */ = {
			isa = PBXTargetDependency;
			target = 08B8596825FEF7B7008BC8F0 /* yumemi-ios-training */;
			targetProxy = 08B8598025FEF7B9008BC8F0 /* PBXContainerItemProxy */;
		};
		08B8598C25FEF7B9008BC8F0 /* PBXTargetDependency */ = {
			isa = PBXTargetDependency;
			target = 08B8596825FEF7B7008BC8F0 /* yumemi-ios-training */;
			targetProxy = 08B8598B25FEF7B9008BC8F0 /* PBXContainerItemProxy */;
		};
/* End PBXTargetDependency section */

/* Begin PBXVariantGroup section */
		08B8597725FEF7B8008BC8F0 /* LaunchScreen.storyboard */ = {
			isa = PBXVariantGroup;
			children = (
				08B8597825FEF7B8008BC8F0 /* Base */,
			);
			name = LaunchScreen.storyboard;
			sourceTree = "<group>";
		};
/* End PBXVariantGroup section */

/* Begin XCBuildConfiguration section */
		08B8599125FEF7B9008BC8F0 /* Debug */ = {
			isa = XCBuildConfiguration;
			buildSettings = {
				ALWAYS_SEARCH_USER_PATHS = NO;
				CLANG_ANALYZER_NONNULL = YES;
				CLANG_ANALYZER_NUMBER_OBJECT_CONVERSION = YES_AGGRESSIVE;
				CLANG_CXX_LANGUAGE_STANDARD = "gnu++14";
				CLANG_CXX_LIBRARY = "libc++";
				CLANG_ENABLE_MODULES = YES;
				CLANG_ENABLE_OBJC_ARC = YES;
				CLANG_ENABLE_OBJC_WEAK = YES;
				CLANG_WARN_BLOCK_CAPTURE_AUTORELEASING = YES;
				CLANG_WARN_BOOL_CONVERSION = YES;
				CLANG_WARN_COMMA = YES;
				CLANG_WARN_CONSTANT_CONVERSION = YES;
				CLANG_WARN_DEPRECATED_OBJC_IMPLEMENTATIONS = YES;
				CLANG_WARN_DIRECT_OBJC_ISA_USAGE = YES_ERROR;
				CLANG_WARN_DOCUMENTATION_COMMENTS = YES;
				CLANG_WARN_EMPTY_BODY = YES;
				CLANG_WARN_ENUM_CONVERSION = YES;
				CLANG_WARN_INFINITE_RECURSION = YES;
				CLANG_WARN_INT_CONVERSION = YES;
				CLANG_WARN_NON_LITERAL_NULL_CONVERSION = YES;
				CLANG_WARN_OBJC_IMPLICIT_RETAIN_SELF = YES;
				CLANG_WARN_OBJC_LITERAL_CONVERSION = YES;
				CLANG_WARN_OBJC_ROOT_CLASS = YES_ERROR;
				CLANG_WARN_QUOTED_INCLUDE_IN_FRAMEWORK_HEADER = YES;
				CLANG_WARN_RANGE_LOOP_ANALYSIS = YES;
				CLANG_WARN_STRICT_PROTOTYPES = YES;
				CLANG_WARN_SUSPICIOUS_MOVE = YES;
				CLANG_WARN_UNGUARDED_AVAILABILITY = YES_AGGRESSIVE;
				CLANG_WARN_UNREACHABLE_CODE = YES;
				CLANG_WARN__DUPLICATE_METHOD_MATCH = YES;
				COPY_PHASE_STRIP = NO;
				DEBUG_INFORMATION_FORMAT = dwarf;
				ENABLE_STRICT_OBJC_MSGSEND = YES;
				ENABLE_TESTABILITY = YES;
				GCC_C_LANGUAGE_STANDARD = gnu11;
				GCC_DYNAMIC_NO_PIC = NO;
				GCC_NO_COMMON_BLOCKS = YES;
				GCC_OPTIMIZATION_LEVEL = 0;
				GCC_PREPROCESSOR_DEFINITIONS = (
					"DEBUG=1",
					"$(inherited)",
				);
				GCC_WARN_64_TO_32_BIT_CONVERSION = YES;
				GCC_WARN_ABOUT_RETURN_TYPE = YES_ERROR;
				GCC_WARN_UNDECLARED_SELECTOR = YES;
				GCC_WARN_UNINITIALIZED_AUTOS = YES_AGGRESSIVE;
				GCC_WARN_UNUSED_FUNCTION = YES;
				GCC_WARN_UNUSED_VARIABLE = YES;
				IPHONEOS_DEPLOYMENT_TARGET = 14.4;
				MTL_ENABLE_DEBUG_INFO = INCLUDE_SOURCE;
				MTL_FAST_MATH = YES;
				ONLY_ACTIVE_ARCH = YES;
				SDKROOT = iphoneos;
				SWIFT_ACTIVE_COMPILATION_CONDITIONS = DEBUG;
				SWIFT_OPTIMIZATION_LEVEL = "-Onone";
			};
			name = Debug;
		};
		08B8599225FEF7B9008BC8F0 /* Release */ = {
			isa = XCBuildConfiguration;
			buildSettings = {
				ALWAYS_SEARCH_USER_PATHS = NO;
				CLANG_ANALYZER_NONNULL = YES;
				CLANG_ANALYZER_NUMBER_OBJECT_CONVERSION = YES_AGGRESSIVE;
				CLANG_CXX_LANGUAGE_STANDARD = "gnu++14";
				CLANG_CXX_LIBRARY = "libc++";
				CLANG_ENABLE_MODULES = YES;
				CLANG_ENABLE_OBJC_ARC = YES;
				CLANG_ENABLE_OBJC_WEAK = YES;
				CLANG_WARN_BLOCK_CAPTURE_AUTORELEASING = YES;
				CLANG_WARN_BOOL_CONVERSION = YES;
				CLANG_WARN_COMMA = YES;
				CLANG_WARN_CONSTANT_CONVERSION = YES;
				CLANG_WARN_DEPRECATED_OBJC_IMPLEMENTATIONS = YES;
				CLANG_WARN_DIRECT_OBJC_ISA_USAGE = YES_ERROR;
				CLANG_WARN_DOCUMENTATION_COMMENTS = YES;
				CLANG_WARN_EMPTY_BODY = YES;
				CLANG_WARN_ENUM_CONVERSION = YES;
				CLANG_WARN_INFINITE_RECURSION = YES;
				CLANG_WARN_INT_CONVERSION = YES;
				CLANG_WARN_NON_LITERAL_NULL_CONVERSION = YES;
				CLANG_WARN_OBJC_IMPLICIT_RETAIN_SELF = YES;
				CLANG_WARN_OBJC_LITERAL_CONVERSION = YES;
				CLANG_WARN_OBJC_ROOT_CLASS = YES_ERROR;
				CLANG_WARN_QUOTED_INCLUDE_IN_FRAMEWORK_HEADER = YES;
				CLANG_WARN_RANGE_LOOP_ANALYSIS = YES;
				CLANG_WARN_STRICT_PROTOTYPES = YES;
				CLANG_WARN_SUSPICIOUS_MOVE = YES;
				CLANG_WARN_UNGUARDED_AVAILABILITY = YES_AGGRESSIVE;
				CLANG_WARN_UNREACHABLE_CODE = YES;
				CLANG_WARN__DUPLICATE_METHOD_MATCH = YES;
				COPY_PHASE_STRIP = NO;
				DEBUG_INFORMATION_FORMAT = "dwarf-with-dsym";
				ENABLE_NS_ASSERTIONS = NO;
				ENABLE_STRICT_OBJC_MSGSEND = YES;
				GCC_C_LANGUAGE_STANDARD = gnu11;
				GCC_NO_COMMON_BLOCKS = YES;
				GCC_WARN_64_TO_32_BIT_CONVERSION = YES;
				GCC_WARN_ABOUT_RETURN_TYPE = YES_ERROR;
				GCC_WARN_UNDECLARED_SELECTOR = YES;
				GCC_WARN_UNINITIALIZED_AUTOS = YES_AGGRESSIVE;
				GCC_WARN_UNUSED_FUNCTION = YES;
				GCC_WARN_UNUSED_VARIABLE = YES;
				IPHONEOS_DEPLOYMENT_TARGET = 14.4;
				MTL_ENABLE_DEBUG_INFO = NO;
				MTL_FAST_MATH = YES;
				SDKROOT = iphoneos;
				SWIFT_COMPILATION_MODE = wholemodule;
				SWIFT_OPTIMIZATION_LEVEL = "-O";
				VALIDATE_PRODUCT = YES;
			};
			name = Release;
		};
		08B8599425FEF7B9008BC8F0 /* Debug */ = {
			isa = XCBuildConfiguration;
			buildSettings = {
				ASSETCATALOG_COMPILER_APPICON_NAME = AppIcon;
				ASSETCATALOG_COMPILER_GLOBAL_ACCENT_COLOR_NAME = AccentColor;
				CODE_SIGN_STYLE = Automatic;
				DEVELOPMENT_TEAM = 23KL6LPTW3;
				INFOPLIST_FILE = "yumemi-ios-training/Info.plist";
				LD_RUNPATH_SEARCH_PATHS = (
					"$(inherited)",
					"@executable_path/Frameworks",
				);
				PRODUCT_BUNDLE_IDENTIFIER = "com.tdk0105.yumemi-ios-training";
				PRODUCT_NAME = "$(TARGET_NAME)";
				SWIFT_VERSION = 5.0;
				TARGETED_DEVICE_FAMILY = "1,2";
			};
			name = Debug;
		};
		08B8599525FEF7B9008BC8F0 /* Release */ = {
			isa = XCBuildConfiguration;
			buildSettings = {
				ASSETCATALOG_COMPILER_APPICON_NAME = AppIcon;
				ASSETCATALOG_COMPILER_GLOBAL_ACCENT_COLOR_NAME = AccentColor;
				CODE_SIGN_STYLE = Automatic;
				DEVELOPMENT_TEAM = 23KL6LPTW3;
				INFOPLIST_FILE = "yumemi-ios-training/Info.plist";
				LD_RUNPATH_SEARCH_PATHS = (
					"$(inherited)",
					"@executable_path/Frameworks",
				);
				PRODUCT_BUNDLE_IDENTIFIER = "com.tdk0105.yumemi-ios-training";
				PRODUCT_NAME = "$(TARGET_NAME)";
				SWIFT_VERSION = 5.0;
				TARGETED_DEVICE_FAMILY = "1,2";
			};
			name = Release;
		};
		08B8599725FEF7B9008BC8F0 /* Debug */ = {
			isa = XCBuildConfiguration;
			buildSettings = {
				ALWAYS_EMBED_SWIFT_STANDARD_LIBRARIES = YES;
				BUNDLE_LOADER = "$(TEST_HOST)";
				CODE_SIGN_STYLE = Automatic;
				DEVELOPMENT_TEAM = 23KL6LPTW3;
				INFOPLIST_FILE = "yumemi-ios-trainingTests/Info.plist";
				IPHONEOS_DEPLOYMENT_TARGET = 14.4;
				LD_RUNPATH_SEARCH_PATHS = (
					"$(inherited)",
					"@executable_path/Frameworks",
					"@loader_path/Frameworks",
				);
				PRODUCT_BUNDLE_IDENTIFIER = "com.tdk0105.yumemi-ios-trainingTests";
				PRODUCT_NAME = "$(TARGET_NAME)";
				SWIFT_VERSION = 5.0;
				TARGETED_DEVICE_FAMILY = "1,2";
				TEST_HOST = "$(BUILT_PRODUCTS_DIR)/yumemi-ios-training.app/yumemi-ios-training";
			};
			name = Debug;
		};
		08B8599825FEF7B9008BC8F0 /* Release */ = {
			isa = XCBuildConfiguration;
			buildSettings = {
				ALWAYS_EMBED_SWIFT_STANDARD_LIBRARIES = YES;
				BUNDLE_LOADER = "$(TEST_HOST)";
				CODE_SIGN_STYLE = Automatic;
				DEVELOPMENT_TEAM = 23KL6LPTW3;
				INFOPLIST_FILE = "yumemi-ios-trainingTests/Info.plist";
				IPHONEOS_DEPLOYMENT_TARGET = 14.4;
				LD_RUNPATH_SEARCH_PATHS = (
					"$(inherited)",
					"@executable_path/Frameworks",
					"@loader_path/Frameworks",
				);
				PRODUCT_BUNDLE_IDENTIFIER = "com.tdk0105.yumemi-ios-trainingTests";
				PRODUCT_NAME = "$(TARGET_NAME)";
				SWIFT_VERSION = 5.0;
				TARGETED_DEVICE_FAMILY = "1,2";
				TEST_HOST = "$(BUILT_PRODUCTS_DIR)/yumemi-ios-training.app/yumemi-ios-training";
			};
			name = Release;
		};
		08B8599A25FEF7B9008BC8F0 /* Debug */ = {
			isa = XCBuildConfiguration;
			buildSettings = {
				ALWAYS_EMBED_SWIFT_STANDARD_LIBRARIES = YES;
				CODE_SIGN_STYLE = Automatic;
				DEVELOPMENT_TEAM = 23KL6LPTW3;
				INFOPLIST_FILE = "yumemi-ios-trainingUITests/Info.plist";
				LD_RUNPATH_SEARCH_PATHS = (
					"$(inherited)",
					"@executable_path/Frameworks",
					"@loader_path/Frameworks",
				);
				PRODUCT_BUNDLE_IDENTIFIER = "com.tdk0105.yumemi-ios-trainingUITests";
				PRODUCT_NAME = "$(TARGET_NAME)";
				SWIFT_VERSION = 5.0;
				TARGETED_DEVICE_FAMILY = "1,2";
				TEST_TARGET_NAME = "yumemi-ios-training";
			};
			name = Debug;
		};
		08B8599B25FEF7B9008BC8F0 /* Release */ = {
			isa = XCBuildConfiguration;
			buildSettings = {
				ALWAYS_EMBED_SWIFT_STANDARD_LIBRARIES = YES;
				CODE_SIGN_STYLE = Automatic;
				DEVELOPMENT_TEAM = 23KL6LPTW3;
				INFOPLIST_FILE = "yumemi-ios-trainingUITests/Info.plist";
				LD_RUNPATH_SEARCH_PATHS = (
					"$(inherited)",
					"@executable_path/Frameworks",
					"@loader_path/Frameworks",
				);
				PRODUCT_BUNDLE_IDENTIFIER = "com.tdk0105.yumemi-ios-trainingUITests";
				PRODUCT_NAME = "$(TARGET_NAME)";
				SWIFT_VERSION = 5.0;
				TARGETED_DEVICE_FAMILY = "1,2";
				TEST_TARGET_NAME = "yumemi-ios-training";
			};
			name = Release;
		};
/* End XCBuildConfiguration section */

/* Begin XCConfigurationList section */
		08B8596425FEF7B7008BC8F0 /* Build configuration list for PBXProject "yumemi-ios-training" */ = {
			isa = XCConfigurationList;
			buildConfigurations = (
				08B8599125FEF7B9008BC8F0 /* Debug */,
				08B8599225FEF7B9008BC8F0 /* Release */,
			);
			defaultConfigurationIsVisible = 0;
			defaultConfigurationName = Release;
		};
		08B8599325FEF7B9008BC8F0 /* Build configuration list for PBXNativeTarget "yumemi-ios-training" */ = {
			isa = XCConfigurationList;
			buildConfigurations = (
				08B8599425FEF7B9008BC8F0 /* Debug */,
				08B8599525FEF7B9008BC8F0 /* Release */,
			);
			defaultConfigurationIsVisible = 0;
			defaultConfigurationName = Release;
		};
		08B8599625FEF7B9008BC8F0 /* Build configuration list for PBXNativeTarget "yumemi-ios-trainingTests" */ = {
			isa = XCConfigurationList;
			buildConfigurations = (
				08B8599725FEF7B9008BC8F0 /* Debug */,
				08B8599825FEF7B9008BC8F0 /* Release */,
			);
			defaultConfigurationIsVisible = 0;
			defaultConfigurationName = Release;
		};
		08B8599925FEF7B9008BC8F0 /* Build configuration list for PBXNativeTarget "yumemi-ios-trainingUITests" */ = {
			isa = XCConfigurationList;
			buildConfigurations = (
				08B8599A25FEF7B9008BC8F0 /* Debug */,
				08B8599B25FEF7B9008BC8F0 /* Release */,
			);
			defaultConfigurationIsVisible = 0;
			defaultConfigurationName = Release;
		};
/* End XCConfigurationList section */

/* Begin XCRemoteSwiftPackageReference section */
		08B8599F25FEFEA6008BC8F0 /* XCRemoteSwiftPackageReference "ios-training" */ = {
			isa = XCRemoteSwiftPackageReference;
			repositoryURL = "https://github.com/yumemi-inc/ios-training.git";
			requirement = {
				kind = upToNextMajorVersion;
				minimumVersion = 1.0.3;
			};
		};
/* End XCRemoteSwiftPackageReference section */

/* Begin XCSwiftPackageProductDependency section */
		08B859A025FEFEA6008BC8F0 /* YumemiWeather */ = {
			isa = XCSwiftPackageProductDependency;
			package = 08B8599F25FEFEA6008BC8F0 /* XCRemoteSwiftPackageReference "ios-training" */;
			productName = YumemiWeather;
		};
/* End XCSwiftPackageProductDependency section */
	};
	rootObject = 08B8596125FEF7B7008BC8F0 /* Project object */;
}
